
Microsoft Visual Studio Solution File, Format Version 12.00
# Visual Studio 15
Project("{FAE04EC0-301F-11D3-BF4B-00C04F79EFBC}") = "Pedidos.Android", "Pedidos.Android\Pedidos.Android.csproj", "{6E405CA3-D93B-43A1-ABD6-CFDBFE6616F8}"
EndProject
Project("{FAE04EC0-301F-11D3-BF4B-00C04F79EFBC}") = "Pedidos.iOS", "Pedidos.iOS\Pedidos.iOS.csproj", "{EB55A103-931D-49A5-9592-9B16E5B99E43}"
EndProject
Project("{FAE04EC0-301F-11D3-BF4B-00C04F79EFBC}") = "Pedidos", "Pedidos\Pedidos.csproj", "{4BC6240F-2CCB-4652-A9A3-DD1F0B65D954}"
EndProject
Global
	GlobalSection(SolutionConfigurationPlatforms) = preSolution
		Debug|Any CPU = Debug|Any CPU
		Release|Any CPU = Release|Any CPU
		Debug|iPhoneSimulator = Debug|iPhoneSimulator
		Release|iPhoneSimulator = Release|iPhoneSimulator
		Debug|iPhone = Debug|iPhone
		Release|iPhone = Release|iPhone
	EndGlobalSection
	GlobalSection(ProjectConfigurationPlatforms) = postSolution
		{6E405CA3-D93B-43A1-ABD6-CFDBFE6616F8}.Debug|Any CPU.ActiveCfg = Debug|Any CPU
		{6E405CA3-D93B-43A1-ABD6-CFDBFE6616F8}.Debug|Any CPU.Build.0 = Debug|Any CPU
		{6E405CA3-D93B-43A1-ABD6-CFDBFE6616F8}.Release|Any CPU.ActiveCfg = Release|Any CPU
		{6E405CA3-D93B-43A1-ABD6-CFDBFE6616F8}.Release|Any CPU.Build.0 = Release|Any CPU
		{6E405CA3-D93B-43A1-ABD6-CFDBFE6616F8}.Debug|iPhoneSimulator.ActiveCfg = Debug|Any CPU
		{6E405CA3-D93B-43A1-ABD6-CFDBFE6616F8}.Debug|iPhoneSimulator.Build.0 = Debug|Any CPU
		{6E405CA3-D93B-43A1-ABD6-CFDBFE6616F8}.Release|iPhoneSimulator.ActiveCfg = Release|Any CPU
		{6E405CA3-D93B-43A1-ABD6-CFDBFE6616F8}.Release|iPhoneSimulator.Build.0 = Release|Any CPU
		{6E405CA3-D93B-43A1-ABD6-CFDBFE6616F8}.Debug|iPhone.ActiveCfg = Debug|Any CPU
		{6E405CA3-D93B-43A1-ABD6-CFDBFE6616F8}.Debug|iPhone.Build.0 = Debug|Any CPU
		{6E405CA3-D93B-43A1-ABD6-CFDBFE6616F8}.Release|iPhone.ActiveCfg = Release|Any CPU
		{6E405CA3-D93B-43A1-ABD6-CFDBFE6616F8}.Release|iPhone.Build.0 = Release|Any CPU
		{EB55A103-931D-49A5-9592-9B16E5B99E43}.Debug|Any CPU.ActiveCfg = Debug|iPhoneSimulator
		{EB55A103-931D-49A5-9592-9B16E5B99E43}.Debug|Any CPU.Build.0 = Debug|iPhoneSimulator
		{EB55A103-931D-49A5-9592-9B16E5B99E43}.Release|Any CPU.ActiveCfg = Release|iPhoneSimulator
		{EB55A103-931D-49A5-9592-9B16E5B99E43}.Release|Any CPU.Build.0 = Release|iPhoneSimulator
		{EB55A103-931D-49A5-9592-9B16E5B99E43}.Debug|iPhoneSimulator.ActiveCfg = Debug|iPhoneSimulator
		{EB55A103-931D-49A5-9592-9B16E5B99E43}.Debug|iPhoneSimulator.Build.0 = Debug|iPhoneSimulator
		{EB55A103-931D-49A5-9592-9B16E5B99E43}.Release|iPhoneSimulator.ActiveCfg = Release|iPhoneSimulator
		{EB55A103-931D-49A5-9592-9B16E5B99E43}.Release|iPhoneSimulator.Build.0 = Release|iPhoneSimulator
		{EB55A103-931D-49A5-9592-9B16E5B99E43}.Debug|iPhone.ActiveCfg = Debug|iPhone
		{EB55A103-931D-49A5-9592-9B16E5B99E43}.Debug|iPhone.Build.0 = Debug|iPhone
		{EB55A103-931D-49A5-9592-9B16E5B99E43}.Release|iPhone.ActiveCfg = Release|iPhone
		{EB55A103-931D-49A5-9592-9B16E5B99E43}.Release|iPhone.Build.0 = Release|iPhone
		{4BC6240F-2CCB-4652-A9A3-DD1F0B65D954}.Debug|Any CPU.ActiveCfg = Debug|Any CPU
		{4BC6240F-2CCB-4652-A9A3-DD1F0B65D954}.Debug|Any CPU.Build.0 = Debug|Any CPU
		{4BC6240F-2CCB-4652-A9A3-DD1F0B65D954}.Release|Any CPU.ActiveCfg = Release|Any CPU
		{4BC6240F-2CCB-4652-A9A3-DD1F0B65D954}.Release|Any CPU.Build.0 = Release|Any CPU
		{4BC6240F-2CCB-4652-A9A3-DD1F0B65D954}.Debug|iPhoneSimulator.ActiveCfg = Debug|Any CPU
		{4BC6240F-2CCB-4652-A9A3-DD1F0B65D954}.Debug|iPhoneSimulator.Build.0 = Debug|Any CPU
		{4BC6240F-2CCB-4652-A9A3-DD1F0B65D954}.Release|iPhoneSimulator.ActiveCfg = Release|Any CPU
		{4BC6240F-2CCB-4652-A9A3-DD1F0B65D954}.Release|iPhoneSimulator.Build.0 = Release|Any CPU
		{4BC6240F-2CCB-4652-A9A3-DD1F0B65D954}.Debug|iPhone.ActiveCfg = Debug|Any CPU
		{4BC6240F-2CCB-4652-A9A3-DD1F0B65D954}.Debug|iPhone.Build.0 = Debug|Any CPU
		{4BC6240F-2CCB-4652-A9A3-DD1F0B65D954}.Release|iPhone.ActiveCfg = Release|Any CPU
		{4BC6240F-2CCB-4652-A9A3-DD1F0B65D954}.Release|iPhone.Build.0 = Release|Any CPU
	EndGlobalSection
EndGlobal
